
Microsoft Visual Studio Solution File, Format Version 12.00
# Visual Studio Version 17
VisualStudioVersion = 17.10.35013.160
MinimumVisualStudioVersion = 10.0.40219.1
Project("{FAE04EC0-301F-11D3-BF4B-00C04F79EFBC}") = "ezgi_mobilya.Web", "src\ezgi_mobilya.Web\ezgi_mobilya.Web.csproj", "{717BE863-AE3A-4E0A-8C05-3DBCE46CDB82}"
EndProject
Project("{2150E333-8FDC-42A3-9474-1A3956D46DE8}") = "src", "src", "{827E0CD3-B72D-47B6-A68D-7590B98EB39B}"
EndProject
Project("{FAE04EC0-301F-11D3-BF4B-00C04F79EFBC}") = "ezgi_mobilya.Core", "src\ezgi_mobilya.Core\ezgi_mobilya.Core.csproj", "{A4B5C36F-557D-40F1-8159-35C582138C46}"
EndProject
Project("{FAE04EC0-301F-11D3-BF4B-00C04F79EFBC}") = "ezgi_mobilya.Data", "src\ezgi_mobilya.Data\ezgi_mobilya.Data.csproj", "{5EFE1B77-5B84-42B8-9CF9-511408A7D622}"
EndProject
Project("{FAE04EC0-301F-11D3-BF4B-00C04F79EFBC}") = "ezgi_mobilya.Service", "src\ezgi_mobilya.Service\ezgi_mobilya.Service.csproj", "{EF9EC561-801C-4975-985C-017CC9B5008F}"
EndProject
Global
	GlobalSection(SolutionConfigurationPlatforms) = preSolution
		Debug|Any CPU = Debug|Any CPU
		Debug|x64 = Debug|x64
		Debug|x86 = Debug|x86
		Release|Any CPU = Release|Any CPU
		Release|x64 = Release|x64
		Release|x86 = Release|x86
	EndGlobalSection
	GlobalSection(ProjectConfigurationPlatforms) = postSolution
		{717BE863-AE3A-4E0A-8C05-3DBCE46CDB82}.Debug|Any CPU.ActiveCfg = Debug|Any CPU
		{717BE863-AE3A-4E0A-8C05-3DBCE46CDB82}.Debug|Any CPU.Build.0 = Debug|Any CPU
		{717BE863-AE3A-4E0A-8C05-3DBCE46CDB82}.Debug|x64.ActiveCfg = Debug|Any CPU
		{717BE863-AE3A-4E0A-8C05-3DBCE46CDB82}.Debug|x64.Build.0 = Debug|Any CPU
		{717BE863-AE3A-4E0A-8C05-3DBCE46CDB82}.Debug|x86.ActiveCfg = Debug|Any CPU
		{717BE863-AE3A-4E0A-8C05-3DBCE46CDB82}.Debug|x86.Build.0 = Debug|Any CPU
		{717BE863-AE3A-4E0A-8C05-3DBCE46CDB82}.Release|Any CPU.ActiveCfg = Release|Any CPU
		{717BE863-AE3A-4E0A-8C05-3DBCE46CDB82}.Release|Any CPU.Build.0 = Release|Any CPU
		{717BE863-AE3A-4E0A-8C05-3DBCE46CDB82}.Release|x64.ActiveCfg = Release|Any CPU
		{717BE863-AE3A-4E0A-8C05-3DBCE46CDB82}.Release|x64.Build.0 = Release|Any CPU
		{717BE863-AE3A-4E0A-8C05-3DBCE46CDB82}.Release|x86.ActiveCfg = Release|Any CPU
		{717BE863-AE3A-4E0A-8C05-3DBCE46CDB82}.Release|x86.Build.0 = Release|Any CPU
		{A4B5C36F-557D-40F1-8159-35C582138C46}.Debug|Any CPU.ActiveCfg = Debug|Any CPU
		{A4B5C36F-557D-40F1-8159-35C582138C46}.Debug|Any CPU.Build.0 = Debug|Any CPU
		{A4B5C36F-557D-40F1-8159-35C582138C46}.Debug|x64.ActiveCfg = Debug|Any CPU
		{A4B5C36F-557D-40F1-8159-35C582138C46}.Debug|x64.Build.0 = Debug|Any CPU
		{A4B5C36F-557D-40F1-8159-35C582138C46}.Debug|x86.ActiveCfg = Debug|Any CPU
		{A4B5C36F-557D-40F1-8159-35C582138C46}.Debug|x86.Build.0 = Debug|Any CPU
		{A4B5C36F-557D-40F1-8159-35C582138C46}.Release|Any CPU.ActiveCfg = Release|Any CPU
		{A4B5C36F-557D-40F1-8159-35C582138C46}.Release|Any CPU.Build.0 = Release|Any CPU
		{A4B5C36F-557D-40F1-8159-35C582138C46}.Release|x64.ActiveCfg = Release|Any CPU
		{A4B5C36F-557D-40F1-8159-35C582138C46}.Release|x64.Build.0 = Release|Any CPU
		{A4B5C36F-557D-40F1-8159-35C582138C46}.Release|x86.ActiveCfg = Release|Any CPU
		{A4B5C36F-557D-40F1-8159-35C582138C46}.Release|x86.Build.0 = Release|Any CPU
		{5EFE1B77-5B84-42B8-9CF9-511408A7D622}.Debug|Any CPU.ActiveCfg = Debug|Any CPU
		{5EFE1B77-5B84-42B8-9CF9-511408A7D622}.Debug|Any CPU.Build.0 = Debug|Any CPU
		{5EFE1B77-5B84-42B8-9CF9-511408A7D622}.Debug|x64.ActiveCfg = Debug|Any CPU
		{5EFE1B77-5B84-42B8-9CF9-511408A7D622}.Debug|x64.Build.0 = Debug|Any CPU
		{5EFE1B77-5B84-42B8-9CF9-511408A7D622}.Debug|x86.ActiveCfg = Debug|Any CPU
		{5EFE1B77-5B84-42B8-9CF9-511408A7D622}.Debug|x86.Build.0 = Debug|Any CPU
		{5EFE1B77-5B84-42B8-9CF9-511408A7D622}.Release|Any CPU.ActiveCfg = Release|Any CPU
		{5EFE1B77-5B84-42B8-9CF9-511408A7D622}.Release|Any CPU.Build.0 = Release|Any CPU
		{5EFE1B77-5B84-42B8-9CF9-511408A7D622}.Release|x64.ActiveCfg = Release|Any CPU
		{5EFE1B77-5B84-42B8-9CF9-511408A7D622}.Release|x64.Build.0 = Release|Any CPU
		{5EFE1B77-5B84-42B8-9CF9-511408A7D622}.Release|x86.ActiveCfg = Release|Any CPU
		{5EFE1B77-5B84-42B8-9CF9-511408A7D622}.Release|x86.Build.0 = Release|Any CPU
		{EF9EC561-801C-4975-985C-017CC9B5008F}.Debug|Any CPU.ActiveCfg = Debug|Any CPU
		{EF9EC561-801C-4975-985C-017CC9B5008F}.Debug|Any CPU.Build.0 = Debug|Any CPU
		{EF9EC561-801C-4975-985C-017CC9B5008F}.Debug|x64.ActiveCfg = Debug|Any CPU
		{EF9EC561-801C-4975-985C-017CC9B5008F}.Debug|x64.Build.0 = Debug|Any CPU
		{EF9EC561-801C-4975-985C-017CC9B5008F}.Debug|x86.ActiveCfg = Debug|Any CPU
		{EF9EC561-801C-4975-985C-017CC9B5008F}.Debug|x86.Build.0 = Debug|Any CPU
		{EF9EC561-801C-4975-985C-017CC9B5008F}.Release|Any CPU.ActiveCfg = Release|Any CPU
		{EF9EC561-801C-4975-985C-017CC9B5008F}.Release|Any CPU.Build.0 = Release|Any CPU
		{EF9EC561-801C-4975-985C-017CC9B5008F}.Release|x64.ActiveCfg = Release|Any CPU
		{EF9EC561-801C-4975-985C-017CC9B5008F}.Release|x64.Build.0 = Release|Any CPU
		{EF9EC561-801C-4975-985C-017CC9B5008F}.Release|x86.ActiveCfg = Release|Any CPU
		{EF9EC561-801C-4975-985C-017CC9B5008F}.Release|x86.Build.0 = Release|Any CPU
	EndGlobalSection
	GlobalSection(SolutionProperties) = preSolution
		HideSolutionNode = FALSE
	EndGlobalSection
	GlobalSection(NestedProjects) = preSolution
		{A4B5C36F-557D-40F1-8159-35C582138C46} = {827E0CD3-B72D-47B6-A68D-7590B98EB39B}
		{5EFE1B77-5B84-42B8-9CF9-511408A7D622} = {827E0CD3-B72D-47B6-A68D-7590B98EB39B}
		{EF9EC561-801C-4975-985C-017CC9B5008F} = {827E0CD3-B72D-47B6-A68D-7590B98EB39B}
	EndGlobalSection
	GlobalSection(ExtensibilityGlobals) = postSolution
		SolutionGuid = {E1BACED4-510D-41D6-9880-334DCB6A5B7D}
	EndGlobalSection
EndGlobal
