
Microsoft Visual Studio Solution File, Format Version 12.00
# Visual Studio Version 17
VisualStudioVersion = 17.10.35013.160
MinimumVisualStudioVersion = 10.0.40219.1
Project("{FAE04EC0-301F-11D3-BF4B-00C04F79EFBC}") = "ezgi_mobilya.Web", "src\ezgi_mobilya.Web\ezgi_mobilya.Web.csproj", "{717BE863-AE3A-4E0A-8C05-3DBCE46CDB82}"
EndProject
Global
	GlobalSection(SolutionConfigurationPlatforms) = preSolution
		Debug|Any CPU = Debug|Any CPU
		Release|Any CPU = Release|Any CPU
	EndGlobalSection
	GlobalSection(ProjectConfigurationPlatforms) = postSolution
		{717BE863-AE3A-4E0A-8C05-3DBCE46CDB82}.Debug|Any CPU.ActiveCfg = Debug|Any CPU
		{717BE863-AE3A-4E0A-8C05-3DBCE46CDB82}.Debug|Any CPU.Build.0 = Debug|Any CPU
		{717BE863-AE3A-4E0A-8C05-3DBCE46CDB82}.Release|Any CPU.ActiveCfg = Release|Any CPU
		{717BE863-AE3A-4E0A-8C05-3DBCE46CDB82}.Release|Any CPU.Build.0 = Release|Any CPU
	EndGlobalSection
	GlobalSection(SolutionProperties) = preSolution
		HideSolutionNode = FALSE
	EndGlobalSection
	GlobalSection(ExtensibilityGlobals) = postSolution
		SolutionGuid = {E1BACED4-510D-41D6-9880-334DCB6A5B7D}
	EndGlobalSection
EndGlobal
